
Microsoft Visual Studio Solution File, Format Version 12.00
# Visual Studio Version 17
VisualStudioVersion = 17.14.36401.2 d17.14
MinimumVisualStudioVersion = 10.0.40219.1
Project("{FAE04EC0-301F-11D3-BF4B-00C04F79EFBC}") = "EcoTrack.Net", "EcoTrack.Net\EcoTrack.Net.csproj", "{5B23D7D7-0039-4A6B-82D9-08FF32742D78}"
EndProject
Global
	GlobalSection(SolutionConfigurationPlatforms) = preSolution
		Debug|Any CPU = Debug|Any CPU
		Release|Any CPU = Release|Any CPU
	EndGlobalSection
	GlobalSection(ProjectConfigurationPlatforms) = postSolution
		{5B23D7D7-0039-4A6B-82D9-08FF32742D78}.Debug|Any CPU.ActiveCfg = Debug|Any CPU
		{5B23D7D7-0039-4A6B-82D9-08FF32742D78}.Debug|Any CPU.Build.0 = Debug|Any CPU
		{5B23D7D7-0039-4A6B-82D9-08FF32742D78}.Release|Any CPU.ActiveCfg = Release|Any CPU
		{5B23D7D7-0039-4A6B-82D9-08FF32742D78}.Release|Any CPU.Build.0 = Release|Any CPU
	EndGlobalSection
	GlobalSection(SolutionProperties) = preSolution
		HideSolutionNode = FALSE
	EndGlobalSection
	GlobalSection(ExtensibilityGlobals) = postSolution
		SolutionGuid = {89E4D8C5-298F-4D07-8679-D7D0223052D1}
	EndGlobalSection
EndGlobal
